
Microsoft Visual Studio Solution File, Format Version 12.00
# Visual Studio Version 17
VisualStudioVersion = 17.9.34728.123
MinimumVisualStudioVersion = 10.0.40219.1
Project("{FAE04EC0-301F-11D3-BF4B-00C04F79EFBC}") = "SUPERNOVA", "SUPERNOVA\SUPERNOVA.csproj", "{AA3136D9-C9F4-4979-AF07-78AF035FCAB4}"
EndProject
Global
	GlobalSection(SolutionConfigurationPlatforms) = preSolution
		Debug|Any CPU = Debug|Any CPU
		Release|Any CPU = Release|Any CPU
	EndGlobalSection
	GlobalSection(ProjectConfigurationPlatforms) = postSolution
		{AA3136D9-C9F4-4979-AF07-78AF035FCAB4}.Debug|Any CPU.ActiveCfg = Debug|Any CPU
		{AA3136D9-C9F4-4979-AF07-78AF035FCAB4}.Debug|Any CPU.Build.0 = Debug|Any CPU
		{AA3136D9-C9F4-4979-AF07-78AF035FCAB4}.Release|Any CPU.ActiveCfg = Release|Any CPU
		{AA3136D9-C9F4-4979-AF07-78AF035FCAB4}.Release|Any CPU.Build.0 = Release|Any CPU
	EndGlobalSection
	GlobalSection(SolutionProperties) = preSolution
		HideSolutionNode = FALSE
	EndGlobalSection
	GlobalSection(ExtensibilityGlobals) = postSolution
		SolutionGuid = {F53B98FA-671B-44DE-A857-684B44689B07}
	EndGlobalSection
EndGlobal
